// !$*UTF8*$!
{
	archiveVersion = 1;
	classes = {
	};
	objectVersion = 77;
	objects = {

/* Begin PBXBuildFile section */
		41330C042F948F1E008F52C8 /* GoogleService-Info.plist in Resources */ = {isa = PBXBuildFile; fileRef = 41330C032F948F1E008F52C8 /* GoogleService-Info.plist */; };
		A87A3E397CC9D5E9FE321A78 /* Pods_AshtaChammaTests.framework in Frameworks */ = {isa = PBXBuildFile; fileRef = E5DA35B5DDDB1BBAAA407620 /* Pods_AshtaChammaTests.framework */; };
		C1F4D04E19BB8B5ED030B636 /* Pods_AshtaChamma.framework in Frameworks */ = {isa = PBXBuildFile; fileRef = AC11B1DD033966C7314DB75C /* Pods_AshtaChamma.framework */; };
/* End PBXBuildFile section */

/* Begin PBXContainerItemProxy section */
		41330B882F947EAE008F52C8 /* PBXContainerItemProxy */ = {
			isa = PBXContainerItemProxy;
			containerPortal = 41330B422F811296008F52C8 /* Project object */;
			proxyType = 1;
			remoteGlobalIDString = 41330B492F811296008F52C8;
			remoteInfo = AshtaChamma;
		};
/* End PBXContainerItemProxy section */

/* Begin PBXFileReference section */
		0505B0902721D9BC78C0FE1D /* Pods-AshtaChamma.release.xcconfig */ = {isa = PBXFileReference; includeInIndex = 1; lastKnownFileType = text.xcconfig; name = "Pods-AshtaChamma.release.xcconfig"; path = "Target Support Files/Pods-AshtaChamma/Pods-AshtaChamma.release.xcconfig"; sourceTree = "<group>"; };
		41330B4A2F811296008F52C8 /* AshtaChamma.app */ = {isa = PBXFileReference; explicitFileType = wrapper.application; includeInIndex = 0; path = AshtaChamma.app; sourceTree = BUILT_PRODUCTS_DIR; };
		41330B842F947EAE008F52C8 /* AshtaChammaTests.xctest */ = {isa = PBXFileReference; explicitFileType = wrapper.cfbundle; includeInIndex = 0; path = AshtaChammaTests.xctest; sourceTree = BUILT_PRODUCTS_DIR; };
		41330C032F948F1E008F52C8 /* GoogleService-Info.plist */ = {isa = PBXFileReference; lastKnownFileType = text.plist.xml; path = "GoogleService-Info.plist"; sourceTree = "<group>"; };
		45EB4DAEB6C62C64A957D2CB /* Pods-AshtaChamma.debug.xcconfig */ = {isa = PBXFileReference; includeInIndex = 1; lastKnownFileType = text.xcconfig; name = "Pods-AshtaChamma.debug.xcconfig"; path = "Target Support Files/Pods-AshtaChamma/Pods-AshtaChamma.debug.xcconfig"; sourceTree = "<group>"; };
		8161A029372486A65A0A9C27 /* Pods-AshtaChammaTests.release.xcconfig */ = {isa = PBXFileReference; includeInIndex = 1; lastKnownFileType = text.xcconfig; name = "Pods-AshtaChammaTests.release.xcconfig"; path = "Target Support Files/Pods-AshtaChammaTests/Pods-AshtaChammaTests.release.xcconfig"; sourceTree = "<group>"; };
		AC11B1DD033966C7314DB75C /* Pods_AshtaChamma.framework */ = {isa = PBXFileReference; explicitFileType = wrapper.framework; includeInIndex = 0; path = Pods_AshtaChamma.framework; sourceTree = BUILT_PRODUCTS_DIR; };
		D79C7FADD2E83AF18FF532E3 /* Pods-AshtaChammaTests.debug.xcconfig */ = {isa = PBXFileReference; includeInIndex = 1; lastKnownFileType = text.xcconfig; name = "Pods-AshtaChammaTests.debug.xcconfig"; path = "Target Support Files/Pods-AshtaChammaTests/Pods-AshtaChammaTests.debug.xcconfig"; sourceTree = "<group>"; };
		E5DA35B5DDDB1BBAAA407620 /* Pods_AshtaChammaTests.framework */ = {isa = PBXFileReference; explicitFileType = wrapper.framework; includeInIndex = 0; path = Pods_AshtaChammaTests.framework; sourceTree = BUILT_PRODUCTS_DIR; };
/* End PBXFileReference section */

/* Begin PBXFileSystemSynchronizedRootGroup section */
		41330B4C2F811297008F52C8 /* AshtaChamma */ = {
			isa = PBXFileSystemSynchronizedRootGroup;
			path = AshtaChamma;
			sourceTree = "<group>";
		};
		41330B852F947EAE008F52C8 /* AshtaChammaTests */ = {
			isa = PBXFileSystemSynchronizedRootGroup;
			path = AshtaChammaTests;
			sourceTree = "<group>";
		};
/* End PBXFileSystemSynchronizedRootGroup section */

/* Begin PBXFrameworksBuildPhase section */
		41330B472F811296008F52C8 /* Frameworks */ = {
			isa = PBXFrameworksBuildPhase;
			buildActionMask = 2147483647;
			files = (
				C1F4D04E19BB8B5ED030B636 /* Pods_AshtaChamma.framework in Frameworks */,
			);
			runOnlyForDeploymentPostprocessing = 0;
		};
		41330B812F947EAE008F52C8 /* Frameworks */ = {
			isa = PBXFrameworksBuildPhase;
			buildActionMask = 2147483647;
			files = (
				A87A3E397CC9D5E9FE321A78 /* Pods_AshtaChammaTests.framework in Frameworks */,
			);
			runOnlyForDeploymentPostprocessing = 0;
		};
/* End PBXFrameworksBuildPhase section */

/* Begin PBXGroup section */
		1112618DBD45322A59121368 /* Frameworks */ = {
			isa = PBXGroup;
			children = (
				AC11B1DD033966C7314DB75C /* Pods_AshtaChamma.framework */,
				E5DA35B5DDDB1BBAAA407620 /* Pods_AshtaChammaTests.framework */,
			);
			name = Frameworks;
			sourceTree = "<group>";
		};
		27D0B7D887D3B2BE34D181FE /* Pods */ = {
			isa = PBXGroup;
			children = (
				45EB4DAEB6C62C64A957D2CB /* Pods-AshtaChamma.debug.xcconfig */,
				0505B0902721D9BC78C0FE1D /* Pods-AshtaChamma.release.xcconfig */,
				D79C7FADD2E83AF18FF532E3 /* Pods-AshtaChammaTests.debug.xcconfig */,
				8161A029372486A65A0A9C27 /* Pods-AshtaChammaTests.release.xcconfig */,
			);
			path = Pods;
			sourceTree = "<group>";
		};
		41330B412F811296008F52C8 = {
			isa = PBXGroup;
			children = (
				41330C032F948F1E008F52C8 /* GoogleService-Info.plist */,
				41330B4C2F811297008F52C8 /* AshtaChamma */,
				41330B852F947EAE008F52C8 /* AshtaChammaTests */,
				41330B4B2F811296008F52C8 /* Products */,
				27D0B7D887D3B2BE34D181FE /* Pods */,
				1112618DBD45322A59121368 /* Frameworks */,
			);
			sourceTree = "<group>";
		};
		41330B4B2F811296008F52C8 /* Products */ = {
			isa = PBXGroup;
			children = (
				41330B4A2F811296008F52C8 /* AshtaChamma.app */,
				41330B842F947EAE008F52C8 /* AshtaChammaTests.xctest */,
			);
			name = Products;
			sourceTree = "<group>";
		};
/* End PBXGroup section */

/* Begin PBXNativeTarget section */
		41330B492F811296008F52C8 /* AshtaChamma */ = {
			isa = PBXNativeTarget;
			buildConfigurationList = 41330B552F811298008F52C8 /* Build configuration list for PBXNativeTarget "AshtaChamma" */;
			buildPhases = (
				BE62030E19234B8DAC8BFF2C /* [CP] Check Pods Manifest.lock */,
				41330B462F811296008F52C8 /* Sources */,
				41330B472F811296008F52C8 /* Frameworks */,
				41330B482F811296008F52C8 /* Resources */,
				4D2A75CCF909E082BC982983 /* [CP] Embed Pods Frameworks */,
			);
			buildRules = (
			);
			dependencies = (
			);
			fileSystemSynchronizedGroups = (
				41330B4C2F811297008F52C8 /* AshtaChamma */,
			);
			name = AshtaChamma;
			productName = AshtaChamma;
			productReference = 41330B4A2F811296008F52C8 /* AshtaChamma.app */;
			productType = "com.apple.product-type.application";
		};
		41330B832F947EAE008F52C8 /* AshtaChammaTests */ = {
			isa = PBXNativeTarget;
			buildConfigurationList = 41330B8A2F947EAE008F52C8 /* Build configuration list for PBXNativeTarget "AshtaChammaTests" */;
			buildPhases = (
				E1E921B21ABB725277263D66 /* [CP] Check Pods Manifest.lock */,
				41330B802F947EAE008F52C8 /* Sources */,
				41330B812F947EAE008F52C8 /* Frameworks */,
				41330B822F947EAE008F52C8 /* Resources */,
			);
			buildRules = (
			);
			dependencies = (
				41330B892F947EAE008F52C8 /* PBXTargetDependency */,
			);
			fileSystemSynchronizedGroups = (
				41330B852F947EAE008F52C8 /* AshtaChammaTests */,
			);
			name = AshtaChammaTests;
			productName = AshtaChammaTests;
			productReference = 41330B842F947EAE008F52C8 /* AshtaChammaTests.xctest */;
			productType = "com.apple.product-type.bundle.unit-test";
		};
/* End PBXNativeTarget section */

/* Begin PBXProject section */
		41330B422F811296008F52C8 /* Project object */ = {
			isa = PBXProject;
			attributes = {
				BuildIndependentTargetsInParallel = 1;
				LastSwiftUpdateCheck = 1640;
				LastUpgradeCheck = 1640;
				TargetAttributes = {
					41330B492F811296008F52C8 = {
						CreatedOnToolsVersion = 16.4;
					};
					41330B832F947EAE008F52C8 = {
						CreatedOnToolsVersion = 16.4;
						TestTargetID = 41330B492F811296008F52C8;
					};
				};
			};
			buildConfigurationList = 41330B452F811296008F52C8 /* Build configuration list for PBXProject "AshtaChamma" */;
			developmentRegion = en;
			hasScannedForEncodings = 0;
			knownRegions = (
				en,
				Base,
			);
			mainGroup = 41330B412F811296008F52C8;
			minimizedProjectReferenceProxies = 1;
			preferredProjectObjectVersion = 77;
			productRefGroup = 41330B4B2F811296008F52C8 /* Products */;
			projectDirPath = "";
			projectRoot = "";
			targets = (
				41330B492F811296008F52C8 /* AshtaChamma */,
				41330B832F947EAE008F52C8 /* AshtaChammaTests */,
			);
		};
/* End PBXProject section */

/* Begin PBXResourcesBuildPhase section */
		41330B482F811296008F52C8 /* Resources */ = {
			isa = PBXResourcesBuildPhase;
			buildActionMask = 2147483647;
			files = (
				41330C042F948F1E008F52C8 /* GoogleService-Info.plist in Resources */,
			);
			runOnlyForDeploymentPostprocessing = 0;
		};
		41330B822F947EAE008F52C8 /* Resources */ = {
			isa = PBXResourcesBuildPhase;
			buildActionMask = 2147483647;
			files = (
			);
			runOnlyForDeploymentPostprocessing = 0;
		};
/* End PBXResourcesBuildPhase section */

/* Begin PBXShellScriptBuildPhase section */
		4D2A75CCF909E082BC982983 /* [CP] Embed Pods Frameworks */ = {
			isa = PBXShellScriptBuildPhase;
			buildActionMask = 2147483647;
			files = (
			);
			inputFileListPaths = (
				"${PODS_ROOT}/Target Support Files/Pods-AshtaChamma/Pods-AshtaChamma-frameworks-${CONFIGURATION}-input-files.xcfilelist",
			);
			inputPaths = (
			);
			name = "[CP] Embed Pods Frameworks";
			outputFileListPaths = (
				"${PODS_ROOT}/Target Support Files/Pods-AshtaChamma/Pods-AshtaChamma-frameworks-${CONFIGURATION}-output-files.xcfilelist",
			);
			outputPaths = (
			);
			runOnlyForDeploymentPostprocessing = 0;
			shellPath = /bin/sh;
			shellScript = "\"${PODS_ROOT}/Target Support Files/Pods-AshtaChamma/Pods-AshtaChamma-frameworks.sh\"\n";
			showEnvVarsInLog = 0;
		};
		BE62030E19234B8DAC8BFF2C /* [CP] Check Pods Manifest.lock */ = {
			isa = PBXShellScriptBuildPhase;
			buildActionMask = 2147483647;
			files = (
			);
			inputFileListPaths = (
			);
			inputPaths = (
				"${PODS_PODFILE_DIR_PATH}/Podfile.lock",
				"${PODS_ROOT}/Manifest.lock",
			);
			name = "[CP] Check Pods Manifest.lock";
			outputFileListPaths = (
			);
			outputPaths = (
				"$(DERIVED_FILE_DIR)/Pods-AshtaChamma-checkManifestLockResult.txt",
			);
			runOnlyForDeploymentPostprocessing = 0;
			shellPath = /bin/sh;
			shellScript = "diff \"${PODS_PODFILE_DIR_PATH}/Podfile.lock\" \"${PODS_ROOT}/Manifest.lock\" > /dev/null\nif [ $? != 0 ] ; then\n    # print error to STDERR\n    echo \"error: The sandbox is not in sync with the Podfile.lock. Run 'pod install' or update your CocoaPods installation.\" >&2\n    exit 1\nfi\n# This output is used by Xcode 'outputs' to avoid re-running this script phase.\necho \"SUCCESS\" > \"${SCRIPT_OUTPUT_FILE_0}\"\n";
			showEnvVarsInLog = 0;
		};
		E1E921B21ABB725277263D66 /* [CP] Check Pods Manifest.lock */ = {
			isa = PBXShellScriptBuildPhase;
			buildActionMask = 2147483647;
			files = (
			);
			inputFileListPaths = (
			);
			inputPaths = (
				"${PODS_PODFILE_DIR_PATH}/Podfile.lock",
				"${PODS_ROOT}/Manifest.lock",
			);
			name = "[CP] Check Pods Manifest.lock";
			outputFileListPaths = (
			);
			outputPaths = (
				"$(DERIVED_FILE_DIR)/Pods-AshtaChammaTests-checkManifestLockResult.txt",
			);
			runOnlyForDeploymentPostprocessing = 0;
			shellPath = /bin/sh;
			shellScript = "diff \"${PODS_PODFILE_DIR_PATH}/Podfile.lock\" \"${PODS_ROOT}/Manifest.lock\" > /dev/null\nif [ $? != 0 ] ; then\n    # print error to STDERR\n    echo \"error: The sandbox is not in sync with the Podfile.lock. Run 'pod install' or update your CocoaPods installation.\" >&2\n    exit 1\nfi\n# This output is used by Xcode 'outputs' to avoid re-running this script phase.\necho \"SUCCESS\" > \"${SCRIPT_OUTPUT_FILE_0}\"\n";
			showEnvVarsInLog = 0;
		};
/* End PBXShellScriptBuildPhase section */

/* Begin PBXSourcesBuildPhase section */
		41330B462F811296008F52C8 /* Sources */ = {
			isa = PBXSourcesBuildPhase;
			buildActionMask = 2147483647;
			files = (
			);
			runOnlyForDeploymentPostprocessing = 0;
		};
		41330B802F947EAE008F52C8 /* Sources */ = {
			isa = PBXSourcesBuildPhase;
			buildActionMask = 2147483647;
			files = (
			);
			runOnlyForDeploymentPostprocessing = 0;
		};
/* End PBXSourcesBuildPhase section */

/* Begin PBXTargetDependency section */
		41330B892F947EAE008F52C8 /* PBXTargetDependency */ = {
			isa = PBXTargetDependency;
			target = 41330B492F811296008F52C8 /* AshtaChamma */;
			targetProxy = 41330B882F947EAE008F52C8 /* PBXContainerItemProxy */;
		};
/* End PBXTargetDependency section */

/* Begin XCBuildConfiguration section */
		41330B532F811298008F52C8 /* Debug */ = {
			isa = XCBuildConfiguration;
			buildSettings = {
				ALWAYS_SEARCH_USER_PATHS = NO;
				ASSETCATALOG_COMPILER_GENERATE_SWIFT_ASSET_SYMBOL_EXTENSIONS = YES;
				CLANG_ANALYZER_NONNULL = YES;
				CLANG_ANALYZER_NUMBER_OBJECT_CONVERSION = YES_AGGRESSIVE;
				CLANG_CXX_LANGUAGE_STANDARD = "gnu++20";
				CLANG_ENABLE_MODULES = YES;
				CLANG_ENABLE_OBJC_ARC = YES;
				CLANG_ENABLE_OBJC_WEAK = YES;
				CLANG_WARN_BLOCK_CAPTURE_AUTORELEASING = YES;
				CLANG_WARN_BOOL_CONVERSION = YES;
				CLANG_WARN_COMMA = YES;
				CLANG_WARN_CONSTANT_CONVERSION = YES;
				CLANG_WARN_DEPRECATED_OBJC_IMPLEMENTATIONS = YES;
				CLANG_WARN_DIRECT_OBJC_ISA_USAGE = YES_ERROR;
				CLANG_WARN_DOCUMENTATION_COMMENTS = YES;
				CLANG_WARN_EMPTY_BODY = YES;
				CLANG_WARN_ENUM_CONVERSION = YES;
				CLANG_WARN_INFINITE_RECURSION = YES;
				CLANG_WARN_INT_CONVERSION = YES;
				CLANG_WARN_NON_LITERAL_NULL_CONVERSION = YES;
				CLANG_WARN_OBJC_IMPLICIT_RETAIN_SELF = YES;
				CLANG_WARN_OBJC_LITERAL_CONVERSION = YES;
				CLANG_WARN_OBJC_ROOT_CLASS = YES_ERROR;
				CLANG_WARN_QUOTED_INCLUDE_IN_FRAMEWORK_HEADER = YES;
				CLANG_WARN_RANGE_LOOP_ANALYSIS = YES;
				CLANG_WARN_STRICT_PROTOTYPES = YES;
				CLANG_WARN_SUSPICIOUS_MOVE = YES;
				CLANG_WARN_UNGUARDED_AVAILABILITY = YES_AGGRESSIVE;
				CLANG_WARN_UNREACHABLE_CODE = YES;
				CLANG_WARN__DUPLICATE_METHOD_MATCH = YES;
				COPY_PHASE_STRIP = NO;
				DEBUG_INFORMATION_FORMAT = dwarf;
				DEVELOPMENT_TEAM = CW6C4U3R3N;
				ENABLE_STRICT_OBJC_MSGSEND = YES;
				ENABLE_TESTABILITY = YES;
				ENABLE_USER_SCRIPT_SANDBOXING = YES;
				GCC_C_LANGUAGE_STANDARD = gnu17;
				GCC_DYNAMIC_NO_PIC = NO;
				GCC_NO_COMMON_BLOCKS = YES;
				GCC_OPTIMIZATION_LEVEL = 0;
				GCC_PREPROCESSOR_DEFINITIONS = (
					"DEBUG=1",
					"$(inherited)",
				);
				GCC_WARN_64_TO_32_BIT_CONVERSION = YES;
				GCC_WARN_ABOUT_RETURN_TYPE = YES_ERROR;
				GCC_WARN_UNDECLARED_SELECTOR = YES;
				GCC_WARN_UNINITIALIZED_AUTOS = YES_AGGRESSIVE;
				GCC_WARN_UNUSED_FUNCTION = YES;
				GCC_WARN_UNUSED_VARIABLE = YES;
				IPHONEOS_DEPLOYMENT_TARGET = 18.5;
				LOCALIZATION_PREFERS_STRING_CATALOGS = YES;
				MTL_ENABLE_DEBUG_INFO = INCLUDE_SOURCE;
				MTL_FAST_MATH = YES;
				ONLY_ACTIVE_ARCH = YES;
				SDKROOT = iphoneos;
				SWIFT_ACTIVE_COMPILATION_CONDITIONS = "DEBUG $(inherited)";
				SWIFT_OPTIMIZATION_LEVEL = "-Onone";
			};
			name = Debug;
		};
		41330B542F811298008F52C8 /* Release */ = {
			isa = XCBuildConfiguration;
			buildSettings = {
				ALWAYS_SEARCH_USER_PATHS = NO;
				ASSETCATALOG_COMPILER_GENERATE_SWIFT_ASSET_SYMBOL_EXTENSIONS = YES;
				CLANG_ANALYZER_NONNULL = YES;
				CLANG_ANALYZER_NUMBER_OBJECT_CONVERSION = YES_AGGRESSIVE;
				CLANG_CXX_LANGUAGE_STANDARD = "gnu++20";
				CLANG_ENABLE_MODULES = YES;
				CLANG_ENABLE_OBJC_ARC = YES;
				CLANG_ENABLE_OBJC_WEAK = YES;
				CLANG_WARN_BLOCK_CAPTURE_AUTORELEASING = YES;
				CLANG_WARN_BOOL_CONVERSION = YES;
				CLANG_WARN_COMMA = YES;
				CLANG_WARN_CONSTANT_CONVERSION = YES;
				CLANG_WARN_DEPRECATED_OBJC_IMPLEMENTATIONS = YES;
				CLANG_WARN_DIRECT_OBJC_ISA_USAGE = YES_ERROR;
				CLANG_WARN_DOCUMENTATION_COMMENTS = YES;
				CLANG_WARN_EMPTY_BODY = YES;
				CLANG_WARN_ENUM_CONVERSION = YES;
				CLANG_WARN_INFINITE_RECURSION = YES;
				CLANG_WARN_INT_CONVERSION = YES;
				CLANG_WARN_NON_LITERAL_NULL_CONVERSION = YES;
				CLANG_WARN_OBJC_IMPLICIT_RETAIN_SELF = YES;
				CLANG_WARN_OBJC_LITERAL_CONVERSION = YES;
				CLANG_WARN_OBJC_ROOT_CLASS = YES_ERROR;
				CLANG_WARN_QUOTED_INCLUDE_IN_FRAMEWORK_HEADER = YES;
				CLANG_WARN_RANGE_LOOP_ANALYSIS = YES;
				CLANG_WARN_STRICT_PROTOTYPES = YES;
				CLANG_WARN_SUSPICIOUS_MOVE = YES;
				CLANG_WARN_UNGUARDED_AVAILABILITY = YES_AGGRESSIVE;
				CLANG_WARN_UNREACHABLE_CODE = YES;
				CLANG_WARN__DUPLICATE_METHOD_MATCH = YES;
				COPY_PHASE_STRIP = NO;
				DEBUG_INFORMATION_FORMAT = "dwarf-with-dsym";
				DEVELOPMENT_TEAM = CW6C4U3R3N;
				ENABLE_NS_ASSERTIONS = NO;
				ENABLE_STRICT_OBJC_MSGSEND = YES;
				ENABLE_USER_SCRIPT_SANDBOXING = YES;
				GCC_C_LANGUAGE_STANDARD = gnu17;
				GCC_NO_COMMON_BLOCKS = YES;
				GCC_WARN_64_TO_32_BIT_CONVERSION = YES;
				GCC_WARN_ABOUT_RETURN_TYPE = YES_ERROR;
				GCC_WARN_UNDECLARED_SELECTOR = YES;
				GCC_WARN_UNINITIALIZED_AUTOS = YES_AGGRESSIVE;
				GCC_WARN_UNUSED_FUNCTION = YES;
				GCC_WARN_UNUSED_VARIABLE = YES;
				IPHONEOS_DEPLOYMENT_TARGET = 18.5;
				LOCALIZATION_PREFERS_STRING_CATALOGS = YES;
				MTL_ENABLE_DEBUG_INFO = NO;
				MTL_FAST_MATH = YES;
				SDKROOT = iphoneos;
				SWIFT_COMPILATION_MODE = wholemodule;
				VALIDATE_PRODUCT = YES;
			};
			name = Release;
		};
		41330B562F811298008F52C8 /* Debug */ = {
			isa = XCBuildConfiguration;
			baseConfigurationReference = 45EB4DAEB6C62C64A957D2CB /* Pods-AshtaChamma.debug.xcconfig */;
			buildSettings = {
				ASSETCATALOG_COMPILER_APPICON_NAME = AppIcon;
				ASSETCATALOG_COMPILER_GLOBAL_ACCENT_COLOR_NAME = AccentColor;
				CODE_SIGN_STYLE = Automatic;
				CURRENT_PROJECT_VERSION = 1;
				DEVELOPMENT_TEAM = CW6C4U3R3N;
				ENABLE_PREVIEWS = YES;
				GENERATE_INFOPLIST_FILE = YES;
				INFOPLIST_KEY_UIApplicationSceneManifest_Generation = YES;
				INFOPLIST_KEY_UIApplicationSupportsIndirectInputEvents = YES;
				INFOPLIST_KEY_UILaunchScreen_Generation = YES;
				INFOPLIST_KEY_UISupportedInterfaceOrientations_iPad = "UIInterfaceOrientationPortrait UIInterfaceOrientationPortraitUpsideDown UIInterfaceOrientationLandscapeLeft UIInterfaceOrientationLandscapeRight";
				INFOPLIST_KEY_UISupportedInterfaceOrientations_iPhone = "UIInterfaceOrientationPortrait UIInterfaceOrientationLandscapeLeft UIInterfaceOrientationLandscapeRight";
				LD_RUNPATH_SEARCH_PATHS = (
					"$(inherited)",
					"@executable_path/Frameworks",
				);
				MARKETING_VERSION = 1.0;
				PRODUCT_BUNDLE_IDENTIFIER = com.ShaileshSrigiri.AshtaChamma;
				PRODUCT_NAME = "$(TARGET_NAME)";
				SWIFT_EMIT_LOC_STRINGS = YES;
				SWIFT_VERSION = 5.0;
				TARGETED_DEVICE_FAMILY = "1,2";
			};
			name = Debug;
		};
		41330B572F811298008F52C8 /* Release */ = {
			isa = XCBuildConfiguration;
			baseConfigurationReference = 0505B0902721D9BC78C0FE1D /* Pods-AshtaChamma.release.xcconfig */;
			buildSettings = {
				ASSETCATALOG_COMPILER_APPICON_NAME = AppIcon;
				ASSETCATALOG_COMPILER_GLOBAL_ACCENT_COLOR_NAME = AccentColor;
				CODE_SIGN_STYLE = Automatic;
				CURRENT_PROJECT_VERSION = 1;
				DEVELOPMENT_TEAM = CW6C4U3R3N;
				ENABLE_PREVIEWS = YES;
				GENERATE_INFOPLIST_FILE = YES;
				INFOPLIST_KEY_UIApplicationSceneManifest_Generation = YES;
				INFOPLIST_KEY_UIApplicationSupportsIndirectInputEvents = YES;
				INFOPLIST_KEY_UILaunchScreen_Generation = YES;
				INFOPLIST_KEY_UISupportedInterfaceOrientations_iPad = "UIInterfaceOrientationPortrait UIInterfaceOrientationPortraitUpsideDown UIInterfaceOrientationLandscapeLeft UIInterfaceOrientationLandscapeRight";
				INFOPLIST_KEY_UISupportedInterfaceOrientations_iPhone = "UIInterfaceOrientationPortrait UIInterfaceOrientationLandscapeLeft UIInterfaceOrientationLandscapeRight";
				LD_RUNPATH_SEARCH_PATHS = (
					"$(inherited)",
					"@executable_path/Frameworks",
				);
				MARKETING_VERSION = 1.0;
				PRODUCT_BUNDLE_IDENTIFIER = com.ShaileshSrigiri.AshtaChamma;
				PRODUCT_NAME = "$(TARGET_NAME)";
				SWIFT_EMIT_LOC_STRINGS = YES;
				SWIFT_VERSION = 5.0;
				TARGETED_DEVICE_FAMILY = "1,2";
			};
			name = Release;
		};
		41330B8B2F947EAE008F52C8 /* Debug */ = {
			isa = XCBuildConfiguration;
			baseConfigurationReference = D79C7FADD2E83AF18FF532E3 /* Pods-AshtaChammaTests.debug.xcconfig */;
			buildSettings = {
				BUNDLE_LOADER = "$(TEST_HOST)";
				CODE_SIGN_STYLE = Automatic;
				CURRENT_PROJECT_VERSION = 1;
				DEVELOPMENT_TEAM = CW6C4U3R3N;
				GENERATE_INFOPLIST_FILE = YES;
				MARKETING_VERSION = 1.0;
				PRODUCT_BUNDLE_IDENTIFIER = com.ShaileshSrigiri.AshtaChammaTests;
				PRODUCT_NAME = "$(TARGET_NAME)";
				SWIFT_EMIT_LOC_STRINGS = NO;
				SWIFT_VERSION = 5.0;
				TARGETED_DEVICE_FAMILY = "1,2";
				TEST_HOST = "$(BUILT_PRODUCTS_DIR)/AshtaChamma.app/$(BUNDLE_EXECUTABLE_FOLDER_PATH)/AshtaChamma";
			};
			name = Debug;
		};
		41330B8C2F947EAE008F52C8 /* Release */ = {
			isa = XCBuildConfiguration;
			baseConfigurationReference = 8161A029372486A65A0A9C27 /* Pods-AshtaChammaTests.release.xcconfig */;
			buildSettings = {
				BUNDLE_LOADER = "$(TEST_HOST)";
				CODE_SIGN_STYLE = Automatic;
				CURRENT_PROJECT_VERSION = 1;
				DEVELOPMENT_TEAM = CW6C4U3R3N;
				GENERATE_INFOPLIST_FILE = YES;
				MARKETING_VERSION = 1.0;
				PRODUCT_BUNDLE_IDENTIFIER = com.ShaileshSrigiri.AshtaChammaTests;
				PRODUCT_NAME = "$(TARGET_NAME)";
				SWIFT_EMIT_LOC_STRINGS = NO;
				SWIFT_VERSION = 5.0;
				TARGETED_DEVICE_FAMILY = "1,2";
				TEST_HOST = "$(BUILT_PRODUCTS_DIR)/AshtaChamma.app/$(BUNDLE_EXECUTABLE_FOLDER_PATH)/AshtaChamma";
			};
			name = Release;
		};
/* End XCBuildConfiguration section */

/* Begin XCConfigurationList section */
		41330B452F811296008F52C8 /* Build configuration list for PBXProject "AshtaChamma" */ = {
			isa = XCConfigurationList;
			buildConfigurations = (
				41330B532F811298008F52C8 /* Debug */,
				41330B542F811298008F52C8 /* Release */,
			);
			defaultConfigurationIsVisible = 0;
			defaultConfigurationName = Release;
		};
		41330B552F811298008F52C8 /* Build configuration list for PBXNativeTarget "AshtaChamma" */ = {
			isa = XCConfigurationList;
			buildConfigurations = (
				41330B562F811298008F52C8 /* Debug */,
				41330B572F811298008F52C8 /* Release */,
			);
			defaultConfigurationIsVisible = 0;
			defaultConfigurationName = Release;
		};
		41330B8A2F947EAE008F52C8 /* Build configuration list for PBXNativeTarget "AshtaChammaTests" */ = {
			isa = XCConfigurationList;
			buildConfigurations = (
				41330B8B2F947EAE008F52C8 /* Debug */,
				41330B8C2F947EAE008F52C8 /* Release */,
			);
			defaultConfigurationIsVisible = 0;
			defaultConfigurationName = Release;
		};
/* End XCConfigurationList section */
	};
	rootObject = 41330B422F811296008F52C8 /* Project object */;
}
